
Microsoft Visual Studio Solution File, Format Version 12.00
# Visual Studio Version 17
VisualStudioVersion = 17.13.35919.96 d17.13
MinimumVisualStudioVersion = 10.0.40219.1
Project("{2150E333-8FDC-42A3-9474-1A3956D46DE8}") = "Simulador.Api", "Simulador.Api", "{02EA681E-C7D8-13C7-8484-4AC65E1B71E8}"
EndProject
Project("{2150E333-8FDC-42A3-9474-1A3956D46DE8}") = "Simulador.Tests", "Simulador.Tests", "{C4758D75-9725-4B7A-8AD1-586A6218D32D}"
EndProject
Project("{FAE04EC0-301F-11D3-BF4B-00C04F79EFBC}") = "SimuladorEmprestimo", "SimuladorEmprestimo\SimuladorEmprestimo.csproj", "{E05F7389-5004-47CE-B291-DBEA9A14C371}"
EndProject
Project("{FAE04EC0-301F-11D3-BF4B-00C04F79EFBC}") = "SimuladorEmprestimoTests", "SimuladorEmprestimoTests\SimuladorEmprestimoTests.csproj", "{73CB0E91-3896-4E19-8466-447042238B09}"
EndProject
Global
	GlobalSection(SolutionConfigurationPlatforms) = preSolution
		Debug|Any CPU = Debug|Any CPU
		Release|Any CPU = Release|Any CPU
	EndGlobalSection
	GlobalSection(ProjectConfigurationPlatforms) = postSolution
		{E05F7389-5004-47CE-B291-DBEA9A14C371}.Debug|Any CPU.ActiveCfg = Debug|Any CPU
		{E05F7389-5004-47CE-B291-DBEA9A14C371}.Debug|Any CPU.Build.0 = Debug|Any CPU
		{E05F7389-5004-47CE-B291-DBEA9A14C371}.Release|Any CPU.ActiveCfg = Release|Any CPU
		{E05F7389-5004-47CE-B291-DBEA9A14C371}.Release|Any CPU.Build.0 = Release|Any CPU
		{73CB0E91-3896-4E19-8466-447042238B09}.Debug|Any CPU.ActiveCfg = Debug|Any CPU
		{73CB0E91-3896-4E19-8466-447042238B09}.Debug|Any CPU.Build.0 = Debug|Any CPU
		{73CB0E91-3896-4E19-8466-447042238B09}.Release|Any CPU.ActiveCfg = Release|Any CPU
		{73CB0E91-3896-4E19-8466-447042238B09}.Release|Any CPU.Build.0 = Release|Any CPU
	EndGlobalSection
	GlobalSection(SolutionProperties) = preSolution
		HideSolutionNode = FALSE
	EndGlobalSection
	GlobalSection(NestedProjects) = preSolution
		{E05F7389-5004-47CE-B291-DBEA9A14C371} = {02EA681E-C7D8-13C7-8484-4AC65E1B71E8}
		{73CB0E91-3896-4E19-8466-447042238B09} = {C4758D75-9725-4B7A-8AD1-586A6218D32D}
	EndGlobalSection
	GlobalSection(ExtensibilityGlobals) = postSolution
		SolutionGuid = {7413D8B1-CF0E-4C89-A743-6A8462C0B5D1}
	EndGlobalSection
EndGlobal
